// !$*UTF8*$!
{
	archiveVersion = 1;
	classes = {
	};
	objectVersion = 56;
	objects = {

/* Begin PBXBuildFile section */
		7BAA9E4B2955949600014C63 /* Russian_RouletteApp.swift in Sources */ = {isa = PBXBuildFile; fileRef = 7BAA9E4A2955949600014C63 /* Russian_RouletteApp.swift */; };
		7BAA9E4D2955949600014C63 /* ContentView.swift in Sources */ = {isa = PBXBuildFile; fileRef = 7BAA9E4C2955949600014C63 /* ContentView.swift */; };
		7BAA9E4F2955949700014C63 /* Assets.xcassets in Resources */ = {isa = PBXBuildFile; fileRef = 7BAA9E4E2955949700014C63 /* Assets.xcassets */; };
		7BAA9E522955949700014C63 /* Preview Assets.xcassets in Resources */ = {isa = PBXBuildFile; fileRef = 7BAA9E512955949700014C63 /* Preview Assets.xcassets */; };
		7BAA9E592955ABC900014C63 /* ImagePickerView.swift in Sources */ = {isa = PBXBuildFile; fileRef = 7BAA9E582955ABC900014C63 /* ImagePickerView.swift */; };
		7BAA9E5B2955ADAD00014C63 /* ImageSelectView.swift in Sources */ = {isa = PBXBuildFile; fileRef = 7BAA9E5A2955ADAD00014C63 /* ImageSelectView.swift */; };
		7BAA9E5D2955AED000014C63 /* SoundPlayer.swift in Sources */ = {isa = PBXBuildFile; fileRef = 7BAA9E5C2955AED000014C63 /* SoundPlayer.swift */; };
		7BAA9E5F2955B1F200014C63 /* GameStartView.swift in Sources */ = {isa = PBXBuildFile; fileRef = 7BAA9E5E2955B1F200014C63 /* GameStartView.swift */; };
		7BAA9E612955B62D00014C63 /* GameLoseView.swift in Sources */ = {isa = PBXBuildFile; fileRef = 7BAA9E602955B62D00014C63 /* GameLoseView.swift */; };
/* End PBXBuildFile section */

/* Begin PBXFileReference section */
		7BAA9E472955949600014C63 /* Russian Roulette.app */ = {isa = PBXFileReference; explicitFileType = wrapper.application; includeInIndex = 0; path = "Russian Roulette.app"; sourceTree = BUILT_PRODUCTS_DIR; };
		7BAA9E4A2955949600014C63 /* Russian_RouletteApp.swift */ = {isa = PBXFileReference; lastKnownFileType = sourcecode.swift; path = Russian_RouletteApp.swift; sourceTree = "<group>"; };
		7BAA9E4C2955949600014C63 /* ContentView.swift */ = {isa = PBXFileReference; lastKnownFileType = sourcecode.swift; path = ContentView.swift; sourceTree = "<group>"; };
		7BAA9E4E2955949700014C63 /* Assets.xcassets */ = {isa = PBXFileReference; lastKnownFileType = folder.assetcatalog; path = Assets.xcassets; sourceTree = "<group>"; };
		7BAA9E512955949700014C63 /* Preview Assets.xcassets */ = {isa = PBXFileReference; lastKnownFileType = folder.assetcatalog; path = "Preview Assets.xcassets"; sourceTree = "<group>"; };
		7BAA9E582955ABC900014C63 /* ImagePickerView.swift */ = {isa = PBXFileReference; lastKnownFileType = sourcecode.swift; path = ImagePickerView.swift; sourceTree = "<group>"; };
		7BAA9E5A2955ADAD00014C63 /* ImageSelectView.swift */ = {isa = PBXFileReference; lastKnownFileType = sourcecode.swift; path = ImageSelectView.swift; sourceTree = "<group>"; };
		7BAA9E5C2955AED000014C63 /* SoundPlayer.swift */ = {isa = PBXFileReference; lastKnownFileType = sourcecode.swift; path = SoundPlayer.swift; sourceTree = "<group>"; };
		7BAA9E5E2955B1F200014C63 /* GameStartView.swift */ = {isa = PBXFileReference; lastKnownFileType = sourcecode.swift; path = GameStartView.swift; sourceTree = "<group>"; };
		7BAA9E602955B62D00014C63 /* GameLoseView.swift */ = {isa = PBXFileReference; lastKnownFileType = sourcecode.swift; path = GameLoseView.swift; sourceTree = "<group>"; tabWidth = 4; usesTabs = 0; };
/* End PBXFileReference section */

/* Begin PBXFrameworksBuildPhase section */
		7BAA9E442955949600014C63 /* Frameworks */ = {
			isa = PBXFrameworksBuildPhase;
			buildActionMask = 2147483647;
			files = (
			);
			runOnlyForDeploymentPostprocessing = 0;
		};
/* End PBXFrameworksBuildPhase section */

/* Begin PBXGroup section */
		7BAA9E3E2955949600014C63 = {
			isa = PBXGroup;
			children = (
				7BAA9E492955949600014C63 /* Russian Roulette */,
				7BAA9E482955949600014C63 /* Products */,
			);
			sourceTree = "<group>";
		};
		7BAA9E482955949600014C63 /* Products */ = {
			isa = PBXGroup;
			children = (
				7BAA9E472955949600014C63 /* Russian Roulette.app */,
			);
			name = Products;
			sourceTree = "<group>";
		};
		7BAA9E492955949600014C63 /* Russian Roulette */ = {
			isa = PBXGroup;
			children = (
				7BAA9E4A2955949600014C63 /* Russian_RouletteApp.swift */,
				7BAA9E4C2955949600014C63 /* ContentView.swift */,
				7BAA9E602955B62D00014C63 /* GameLoseView.swift */,
				7BAA9E5E2955B1F200014C63 /* GameStartView.swift */,
				7BAA9E5C2955AED000014C63 /* SoundPlayer.swift */,
				7BAA9E5A2955ADAD00014C63 /* ImageSelectView.swift */,
				7BAA9E582955ABC900014C63 /* ImagePickerView.swift */,
				7BAA9E4E2955949700014C63 /* Assets.xcassets */,
				7BAA9E502955949700014C63 /* Preview Content */,
			);
			path = "Russian Roulette";
			sourceTree = "<group>";
		};
		7BAA9E502955949700014C63 /* Preview Content */ = {
			isa = PBXGroup;
			children = (
				7BAA9E512955949700014C63 /* Preview Assets.xcassets */,
			);
			path = "Preview Content";
			sourceTree = "<group>";
		};
/* End PBXGroup section */

/* Begin PBXNativeTarget section */
		7BAA9E462955949600014C63 /* Russian Roulette */ = {
			isa = PBXNativeTarget;
			buildConfigurationList = 7BAA9E552955949700014C63 /* Build configuration list for PBXNativeTarget "Russian Roulette" */;
			buildPhases = (
				7BAA9E432955949600014C63 /* Sources */,
				7BAA9E442955949600014C63 /* Frameworks */,
				7BAA9E452955949600014C63 /* Resources */,
			);
			buildRules = (
			);
			dependencies = (
			);
			name = "Russian Roulette";
			productName = "Russian Roulette";
			productReference = 7BAA9E472955949600014C63 /* Russian Roulette.app */;
			productType = "com.apple.product-type.application";
		};
/* End PBXNativeTarget section */

/* Begin PBXProject section */
		7BAA9E3F2955949600014C63 /* Project object */ = {
			isa = PBXProject;
			attributes = {
				BuildIndependentTargetsInParallel = 1;
				LastSwiftUpdateCheck = 1420;
				LastUpgradeCheck = 1420;
				TargetAttributes = {
					7BAA9E462955949600014C63 = {
						CreatedOnToolsVersion = 14.2;
					};
				};
			};
			buildConfigurationList = 7BAA9E422955949600014C63 /* Build configuration list for PBXProject "Russian Roulette" */;
			compatibilityVersion = "Xcode 14.0";
			developmentRegion = en;
			hasScannedForEncodings = 0;
			knownRegions = (
				en,
				Base,
			);
			mainGroup = 7BAA9E3E2955949600014C63;
			productRefGroup = 7BAA9E482955949600014C63 /* Products */;
			projectDirPath = "";
			projectRoot = "";
			targets = (
				7BAA9E462955949600014C63 /* Russian Roulette */,
			);
		};
/* End PBXProject section */

/* Begin PBXResourcesBuildPhase section */
		7BAA9E452955949600014C63 /* Resources */ = {
			isa = PBXResourcesBuildPhase;
			buildActionMask = 2147483647;
			files = (
				7BAA9E522955949700014C63 /* Preview Assets.xcassets in Resources */,
				7BAA9E4F2955949700014C63 /* Assets.xcassets in Resources */,
			);
			runOnlyForDeploymentPostprocessing = 0;
		};
/* End PBXResourcesBuildPhase section */

/* Begin PBXSourcesBuildPhase section */
		7BAA9E432955949600014C63 /* Sources */ = {
			isa = PBXSourcesBuildPhase;
			buildActionMask = 2147483647;
			files = (
				7BAA9E5D2955AED000014C63 /* SoundPlayer.swift in Sources */,
				7BAA9E4D2955949600014C63 /* ContentView.swift in Sources */,
				7BAA9E612955B62D00014C63 /* GameLoseView.swift in Sources */,
				7BAA9E592955ABC900014C63 /* ImagePickerView.swift in Sources */,
				7BAA9E5B2955ADAD00014C63 /* ImageSelectView.swift in Sources */,
				7BAA9E4B2955949600014C63 /* Russian_RouletteApp.swift in Sources */,
				7BAA9E5F2955B1F200014C63 /* GameStartView.swift in Sources */,
			);
			runOnlyForDeploymentPostprocessing = 0;
		};
/* End PBXSourcesBuildPhase section */

/* Begin XCBuildConfiguration section */
		7BAA9E532955949700014C63 /* Debug */ = {
			isa = XCBuildConfiguration;
			buildSettings = {
				ALWAYS_SEARCH_USER_PATHS = NO;
				CLANG_ANALYZER_NONNULL = YES;
				CLANG_ANALYZER_NUMBER_OBJECT_CONVERSION = YES_AGGRESSIVE;
				CLANG_CXX_LANGUAGE_STANDARD = "gnu++20";
				CLANG_ENABLE_MODULES = YES;
				CLANG_ENABLE_OBJC_ARC = YES;
				CLANG_ENABLE_OBJC_WEAK = YES;
				CLANG_WARN_BLOCK_CAPTURE_AUTORELEASING = YES;
				CLANG_WARN_BOOL_CONVERSION = YES;
				CLANG_WARN_COMMA = YES;
				CLANG_WARN_CONSTANT_CONVERSION = YES;
				CLANG_WARN_DEPRECATED_OBJC_IMPLEMENTATIONS = YES;
				CLANG_WARN_DIRECT_OBJC_ISA_USAGE = YES_ERROR;
				CLANG_WARN_DOCUMENTATION_COMMENTS = YES;
				CLANG_WARN_EMPTY_BODY = YES;
				CLANG_WARN_ENUM_CONVERSION = YES;
				CLANG_WARN_INFINITE_RECURSION = YES;
				CLANG_WARN_INT_CONVERSION = YES;
				CLANG_WARN_NON_LITERAL_NULL_CONVERSION = YES;
				CLANG_WARN_OBJC_IMPLICIT_RETAIN_SELF = YES;
				CLANG_WARN_OBJC_LITERAL_CONVERSION = YES;
				CLANG_WARN_OBJC_ROOT_CLASS = YES_ERROR;
				CLANG_WARN_QUOTED_INCLUDE_IN_FRAMEWORK_HEADER = YES;
				CLANG_WARN_RANGE_LOOP_ANALYSIS = YES;
				CLANG_WARN_STRICT_PROTOTYPES = YES;
				CLANG_WARN_SUSPICIOUS_MOVE = YES;
				CLANG_WARN_UNGUARDED_AVAILABILITY = YES_AGGRESSIVE;
				CLANG_WARN_UNREACHABLE_CODE = YES;
				CLANG_WARN__DUPLICATE_METHOD_MATCH = YES;
				COPY_PHASE_STRIP = NO;
				DEBUG_INFORMATION_FORMAT = dwarf;
				ENABLE_STRICT_OBJC_MSGSEND = YES;
				ENABLE_TESTABILITY = YES;
				GCC_C_LANGUAGE_STANDARD = gnu11;
				GCC_DYNAMIC_NO_PIC = NO;
				GCC_NO_COMMON_BLOCKS = YES;
				GCC_OPTIMIZATION_LEVEL = 0;
				GCC_PREPROCESSOR_DEFINITIONS = (
					"DEBUG=1",
					"$(inherited)",
				);
				GCC_WARN_64_TO_32_BIT_CONVERSION = YES;
				GCC_WARN_ABOUT_RETURN_TYPE = YES_ERROR;
				GCC_WARN_UNDECLARED_SELECTOR = YES;
				GCC_WARN_UNINITIALIZED_AUTOS = YES_AGGRESSIVE;
				GCC_WARN_UNUSED_FUNCTION = YES;
				GCC_WARN_UNUSED_VARIABLE = YES;
				IPHONEOS_DEPLOYMENT_TARGET = 16.2;
				MTL_ENABLE_DEBUG_INFO = INCLUDE_SOURCE;
				MTL_FAST_MATH = YES;
				ONLY_ACTIVE_ARCH = YES;
				SDKROOT = iphoneos;
				SWIFT_ACTIVE_COMPILATION_CONDITIONS = DEBUG;
				SWIFT_OPTIMIZATION_LEVEL = "-Onone";
			};
			name = Debug;
		};
		7BAA9E542955949700014C63 /* Release */ = {
			isa = XCBuildConfiguration;
			buildSettings = {
				ALWAYS_SEARCH_USER_PATHS = NO;
				CLANG_ANALYZER_NONNULL = YES;
				CLANG_ANALYZER_NUMBER_OBJECT_CONVERSION = YES_AGGRESSIVE;
				CLANG_CXX_LANGUAGE_STANDARD = "gnu++20";
				CLANG_ENABLE_MODULES = YES;
				CLANG_ENABLE_OBJC_ARC = YES;
				CLANG_ENABLE_OBJC_WEAK = YES;
				CLANG_WARN_BLOCK_CAPTURE_AUTORELEASING = YES;
				CLANG_WARN_BOOL_CONVERSION = YES;
				CLANG_WARN_COMMA = YES;
				CLANG_WARN_CONSTANT_CONVERSION = YES;
				CLANG_WARN_DEPRECATED_OBJC_IMPLEMENTATIONS = YES;
				CLANG_WARN_DIRECT_OBJC_ISA_USAGE = YES_ERROR;
				CLANG_WARN_DOCUMENTATION_COMMENTS = YES;
				CLANG_WARN_EMPTY_BODY = YES;
				CLANG_WARN_ENUM_CONVERSION = YES;
				CLANG_WARN_INFINITE_RECURSION = YES;
				CLANG_WARN_INT_CONVERSION = YES;
				CLANG_WARN_NON_LITERAL_NULL_CONVERSION = YES;
				CLANG_WARN_OBJC_IMPLICIT_RETAIN_SELF = YES;
				CLANG_WARN_OBJC_LITERAL_CONVERSION = YES;
				CLANG_WARN_OBJC_ROOT_CLASS = YES_ERROR;
				CLANG_WARN_QUOTED_INCLUDE_IN_FRAMEWORK_HEADER = YES;
				CLANG_WARN_RANGE_LOOP_ANALYSIS = YES;
				CLANG_WARN_STRICT_PROTOTYPES = YES;
				CLANG_WARN_SUSPICIOUS_MOVE = YES;
				CLANG_WARN_UNGUARDED_AVAILABILITY = YES_AGGRESSIVE;
				CLANG_WARN_UNREACHABLE_CODE = YES;
				CLANG_WARN__DUPLICATE_METHOD_MATCH = YES;
				COPY_PHASE_STRIP = NO;
				DEBUG_INFORMATION_FORMAT = "dwarf-with-dsym";
				ENABLE_NS_ASSERTIONS = NO;
				ENABLE_STRICT_OBJC_MSGSEND = YES;
				GCC_C_LANGUAGE_STANDARD = gnu11;
				GCC_NO_COMMON_BLOCKS = YES;
				GCC_WARN_64_TO_32_BIT_CONVERSION = YES;
				GCC_WARN_ABOUT_RETURN_TYPE = YES_ERROR;
				GCC_WARN_UNDECLARED_SELECTOR = YES;
				GCC_WARN_UNINITIALIZED_AUTOS = YES_AGGRESSIVE;
				GCC_WARN_UNUSED_FUNCTION = YES;
				GCC_WARN_UNUSED_VARIABLE = YES;
				IPHONEOS_DEPLOYMENT_TARGET = 16.2;
				MTL_ENABLE_DEBUG_INFO = NO;
				MTL_FAST_MATH = YES;
				SDKROOT = iphoneos;
				SWIFT_COMPILATION_MODE = wholemodule;
				SWIFT_OPTIMIZATION_LEVEL = "-O";
				VALIDATE_PRODUCT = YES;
			};
			name = Release;
		};
		7BAA9E562955949700014C63 /* Debug */ = {
			isa = XCBuildConfiguration;
			buildSettings = {
				ASSETCATALOG_COMPILER_APPICON_NAME = AppIcon;
				ASSETCATALOG_COMPILER_GLOBAL_ACCENT_COLOR_NAME = AccentColor;
				CODE_SIGN_STYLE = Automatic;
				CURRENT_PROJECT_VERSION = 1;
				DEVELOPMENT_ASSET_PATHS = "\"Russian Roulette/Preview Content\"";
				DEVELOPMENT_TEAM = SFTXV7PG33;
				ENABLE_PREVIEWS = YES;
				GENERATE_INFOPLIST_FILE = YES;
				INFOPLIST_KEY_CFBundleDisplayName = "";
				INFOPLIST_KEY_LSApplicationCategoryType = "public.app-category.entertainment";
				INFOPLIST_KEY_NSCameraUsageDescription = "スイッチ用の写真を撮影するためにカメラを使用します。";
				INFOPLIST_KEY_NSPhotoLibraryAddUsageDescription = "撮影した写真の保存に利用します。";
				INFOPLIST_KEY_NSPhotoLibraryUsageDescription = "スイッチ用の写真をアルバムの写真から利用するためにライブラリーを使用します。";
				INFOPLIST_KEY_UIApplicationSceneManifest_Generation = YES;
				INFOPLIST_KEY_UIApplicationSupportsIndirectInputEvents = YES;
				INFOPLIST_KEY_UILaunchScreen_Generation = YES;
				INFOPLIST_KEY_UISupportedInterfaceOrientations = "UIInterfaceOrientationLandscapeLeft UIInterfaceOrientationLandscapeRight UIInterfaceOrientationPortrait UIInterfaceOrientationPortraitUpsideDown";
				LD_RUNPATH_SEARCH_PATHS = (
					"$(inherited)",
					"@executable_path/Frameworks",
				);
				MARKETING_VERSION = 1.0;
				PRODUCT_BUNDLE_IDENTIFIER = "Russian-Roulette";
				PRODUCT_NAME = "$(TARGET_NAME)";
				SUPPORTED_PLATFORMS = "iphoneos iphonesimulator";
				SUPPORTS_MACCATALYST = NO;
				SUPPORTS_MAC_DESIGNED_FOR_IPHONE_IPAD = NO;
				SWIFT_EMIT_LOC_STRINGS = YES;
				SWIFT_VERSION = 5.0;
				TARGETED_DEVICE_FAMILY = 1;
			};
			name = Debug;
		};
		7BAA9E572955949700014C63 /* Release */ = {
			isa = XCBuildConfiguration;
			buildSettings = {
				ASSETCATALOG_COMPILER_APPICON_NAME = AppIcon;
				ASSETCATALOG_COMPILER_GLOBAL_ACCENT_COLOR_NAME = AccentColor;
				"CODE_SIGN_IDENTITY[sdk=iphoneos*]" = "iPhone Distribution";
				CODE_SIGN_STYLE = Manual;
				CURRENT_PROJECT_VERSION = 1;
				DEVELOPMENT_ASSET_PATHS = "\"Russian Roulette/Preview Content\"";
				DEVELOPMENT_TEAM = "";
				"DEVELOPMENT_TEAM[sdk=iphoneos*]" = T73GAYBJ3Q;
				ENABLE_PREVIEWS = YES;
				GENERATE_INFOPLIST_FILE = YES;
				INFOPLIST_KEY_CFBundleDisplayName = "";
				INFOPLIST_KEY_LSApplicationCategoryType = "public.app-category.entertainment";
				INFOPLIST_KEY_NSCameraUsageDescription = "スイッチ用の写真を撮影するためにカメラを使用します。";
				INFOPLIST_KEY_NSPhotoLibraryAddUsageDescription = "撮影した写真の保存に利用します。";
				INFOPLIST_KEY_NSPhotoLibraryUsageDescription = "スイッチ用の写真をアルバムの写真から利用するためにライブラリーを使用します。";
				INFOPLIST_KEY_UIApplicationSceneManifest_Generation = YES;
				INFOPLIST_KEY_UIApplicationSupportsIndirectInputEvents = YES;
				INFOPLIST_KEY_UILaunchScreen_Generation = YES;
				INFOPLIST_KEY_UISupportedInterfaceOrientations = "UIInterfaceOrientationLandscapeLeft UIInterfaceOrientationLandscapeRight UIInterfaceOrientationPortrait UIInterfaceOrientationPortraitUpsideDown";
				LD_RUNPATH_SEARCH_PATHS = (
					"$(inherited)",
					"@executable_path/Frameworks",
				);
				MARKETING_VERSION = 1.0;
				PRODUCT_BUNDLE_IDENTIFIER = "com.russian-roulette";
				PRODUCT_NAME = "$(TARGET_NAME)";
				PROVISIONING_PROFILE_SPECIFIER = "";
				"PROVISIONING_PROFILE_SPECIFIER[sdk=iphoneos*]" = RUSSIAN_ROULETTE_Provisioning_Profile;
				SUPPORTED_PLATFORMS = "iphoneos iphonesimulator";
				SUPPORTS_MACCATALYST = NO;
				SUPPORTS_MAC_DESIGNED_FOR_IPHONE_IPAD = NO;
				SWIFT_EMIT_LOC_STRINGS = YES;
				SWIFT_VERSION = 5.0;
				TARGETED_DEVICE_FAMILY = 1;
			};
			name = Release;
		};
/* End XCBuildConfiguration section */

/* Begin XCConfigurationList section */
		7BAA9E422955949600014C63 /* Build configuration list for PBXProject "Russian Roulette" */ = {
			isa = XCConfigurationList;
			buildConfigurations = (
				7BAA9E532955949700014C63 /* Debug */,
				7BAA9E542955949700014C63 /* Release */,
			);
			defaultConfigurationIsVisible = 0;
			defaultConfigurationName = Release;
		};
		7BAA9E552955949700014C63 /* Build configuration list for PBXNativeTarget "Russian Roulette" */ = {
			isa = XCConfigurationList;
			buildConfigurations = (
				7BAA9E562955949700014C63 /* Debug */,
				7BAA9E572955949700014C63 /* Release */,
			);
			defaultConfigurationIsVisible = 0;
			defaultConfigurationName = Release;
		};
/* End XCConfigurationList section */
	};
	rootObject = 7BAA9E3F2955949600014C63 /* Project object */;
}
